lockfileVersion: '9.0'

settings:
  autoInstallPeers: true
  excludeLinksFromLockfile: false

importers:

  .:
    dependencies:
      '@tanstack/react-query':
        specifier: ^5.101.2
        version: 5.101.2(react@19.2.7)
      chess.js:
        specifier: ^1.4.0
        version: 1.4.0
      react:
        specifier: ^19.2.7
        version: 19.2.7
      react-chessboard:
        specifier: ^5.10.0
        version: 5.10.0(react-dom@19.2.7(react@19.2.7))(react@19.2.7)
      react-dom:
        specifier: ^19.2.7
        version: 19.2.7(react@19.2.7)
      react-router-dom:
        specifier: ^7.18.1
        version: 7.18.1(react-dom@19.2.7(react@19.2.7))(react@19.2.7)
    devDependencies:
      '@biomejs/biome':
        specifier: ^2.5.4
        version: 2.5.4
      '@types/node':
        specifier: ^24.13.2
        version: 24.13.3
      '@types/react':
        specifier: ^19.2.17
        version: 19.2.17
      '@types/react-dom':
        specifier: ^19.2.3
        version: 19.2.3(@types/react@19.2.17)
      '@vitejs/plugin-react':
        specifier: ^6.0.3
        version: 6.0.3(vite@8.1.4(@types/node@24.13.3))
      openapi-typescript:
        specifier: ^7.13.0
        version: 7.13.0(typescript@6.0.3)
      typescript:
        specifier: ~6.0.2
        version: 6.0.3
      vite:
        specifier: ^8.1.1
        version: 8.1.4(@types/node@24.13.3)
      vitest:
        specifier: ^4.1.10
        version: 4.1.10(@types/node@24.13.3)(vite@8.1.4(@types/node@24.13.3))

packages:

  '@babel/code-frame@7.29.7':
    resolution: {integrity: sha1-8vu/6ofESiFZDsUVt3iywm2IZuc=, tarball: https://registry.npmjs.org/@babel/code-frame/-/code-frame-7.29.7.tgz}
    engines: {node: '>=6.9.0'}

  '@babel/helper-validator-identifier@7.29.7':
    resolution: {integrity: sha1-vYcITO0MeW7Ea9pJLeboPSnon8I=, tarball: https://registry.npmjs.org/@babel/helper-validator-identifier/-/helper-validator-identifier-7.29.7.tgz}
    engines: {node: '>=6.9.0'}

  '@biomejs/biome@2.5.4':
    resolution: {integrity: sha1-uR9PiffGVXFjF2zYQaEdtq46nqA=, tarball: https://registry.npmjs.org/@biomejs/biome/-/biome-2.5.4.tgz}
    engines: {node: '>=14.21.3'}
    hasBin: true

  '@biomejs/cli-darwin-arm64@2.5.4':
    resolution: {integrity: sha1-KLQrNKeKksi/I+95prPb1WO3N40=, tarball: https://registry.npmjs.org/@biomejs/cli-darwin-arm64/-/cli-darwin-arm64-2.5.4.tgz}
    engines: {node: '>=14.21.3'}
    cpu: [arm64]
    os: [darwin]

  '@biomejs/cli-darwin-x64@2.5.4':
    resolution: {integrity: sha1-6pJPWPyveH83isC/oYJoVFfxQBE=, tarball: https://registry.npmjs.org/@biomejs/cli-darwin-x64/-/cli-darwin-x64-2.5.4.tgz}
    engines: {node: '>=14.21.3'}
    cpu: [x64]
    os: [darwin]

  '@biomejs/cli-linux-arm64-musl@2.5.4':
    resolution: {integrity: sha1-Ih05rwU5GhcHHbcU5AXgZ1cF6a0=, tarball: https://registry.npmjs.org/@biomejs/cli-linux-arm64-musl/-/cli-linux-arm64-musl-2.5.4.tgz}
    engines: {node: '>=14.21.3'}
    cpu: [arm64]
    os: [linux]
    libc: [musl]

  '@biomejs/cli-linux-arm64@2.5.4':
    resolution: {integrity: sha1-I5gTJg7SLtietJcFYHhTu16DuJk=, tarball: https://registry.npmjs.org/@biomejs/cli-linux-arm64/-/cli-linux-arm64-2.5.4.tgz}
    engines: {node: '>=14.21.3'}
    cpu: [arm64]
    os: [linux]
    libc: [glibc]

  '@biomejs/cli-linux-x64-musl@2.5.4':
    resolution: {integrity: sha1-KmrwjChOp+RPcyq/WFwHpm3an1s=, tarball: https://registry.npmjs.org/@biomejs/cli-linux-x64-musl/-/cli-linux-x64-musl-2.5.4.tgz}
    engines: {node: '>=14.21.3'}
    cpu: [x64]
    os: [linux]
    libc: [musl]

  '@biomejs/cli-linux-x64@2.5.4':
    resolution: {integrity: sha1-RAwFuUAD5TPtbDMJfUCwSTAPpWo=, tarball: https://registry.npmjs.org/@biomejs/cli-linux-x64/-/cli-linux-x64-2.5.4.tgz}
    engines: {node: '>=14.21.3'}
    cpu: [x64]
    os: [linux]
    libc: [glibc]

  '@biomejs/cli-win32-arm64@2.5.4':
    resolution: {integrity: sha1-nilkO3sOejwhGM6Z5RCr4XA4XHI=, tarball: https://registry.npmjs.org/@biomejs/cli-win32-arm64/-/cli-win32-arm64-2.5.4.tgz}
    engines: {node: '>=14.21.3'}
    cpu: [arm64]
    os: [win32]

  '@biomejs/cli-win32-x64@2.5.4':
    resolution: {integrity: sha1-pSpUVOTgvnvQjXiKH73lKJhN8JU=, tarball: https://registry.npmjs.org/@biomejs/cli-win32-x64/-/cli-win32-x64-2.5.4.tgz}
    engines: {node: '>=14.21.3'}
    cpu: [x64]
    os: [win32]

  '@dnd-kit/accessibility@3.1.1':
    resolution: {integrity: sha1-O0ICvWuzcKBzD2c0hneFkZvqxq8=, tarball: https://registry.npmjs.org/@dnd-kit/accessibility/-/accessibility-3.1.1.tgz}
    peerDependencies:
      react: '>=16.8.0'

  '@dnd-kit/core@6.3.1':
    resolution: {integrity: sha1-TDZAamLHuqxJlyb4mZNfk/Dm0AM=, tarball: https://registry.npmjs.org/@dnd-kit/core/-/core-6.3.1.tgz}
    peerDependencies:
      react: '>=16.8.0'
      react-dom: '>=16.8.0'

  '@dnd-kit/modifiers@9.0.0':
    resolution: {integrity: sha1-lqAoDHexDHFu952Xks560ENwdx0=, tarball: https://registry.npmjs.org/@dnd-kit/modifiers/-/modifiers-9.0.0.tgz}
    peerDependencies:
      '@dnd-kit/core': ^6.3.0
      react: '>=16.8.0'

  '@dnd-kit/utilities@3.2.2':
    resolution: {integrity: sha1-WjK2rzVtxfdNYbN9b3EppAQM7Xs=, tarball: https://registry.npmjs.org/@dnd-kit/utilities/-/utilities-3.2.2.tgz}
    peerDependencies:
      react: '>=16.8.0'

  '@emnapi/core@1.11.1':
    resolution: {integrity: sha1-ueEGTzprFjHiQeY460jXNr/TcqY=, tarball: https://registry.npmjs.org/@emnapi/core/-/core-1.11.1.tgz}

  '@emnapi/runtime@1.11.1':
    resolution: {integrity: sha1-WPHz1dgamxL3k6tojJY3GQECfCQ=, tarball: https://registry.npmjs.org/@emnapi/runtime/-/runtime-1.11.1.tgz}

  '@emnapi/wasi-threads@1.2.2':
    resolution: {integrity: sha1-TJO+z1v6OxPRu9zAau44MhrYE5o=, tarball: https://registry.npmjs.org/@emnapi/wasi-threads/-/wasi-threads-1.2.2.tgz}

  '@jridgewell/sourcemap-codec@1.5.5':
    resolution: {integrity: sha1-aRKwDSxjHA0Vzhp6tXzWV/Ko+Lo=, tarball: https://registry.npmjs.org/@jridgewell/sourcemap-codec/-/sourcemap-codec-1.5.5.tgz}

  '@napi-rs/wasm-runtime@1.1.6':
    resolution: {integrity: sha1-7TOAbQ+b6Y3HbQw9T9hy/acBtdU=, tarball: https://registry.npmjs.org/@napi-rs/wasm-runtime/-/wasm-runtime-1.1.6.tgz}
    peerDependencies:
      '@emnapi/core': ^1.7.1
      '@emnapi/runtime': ^1.7.1

  '@oxc-project/types@0.139.0':
    resolution: {integrity: sha1-ONdrnb+TTCoCvhdPsyzuvxgv50I=, tarball: https://registry.npmjs.org/@oxc-project/types/-/types-0.139.0.tgz}

  '@redocly/ajv@8.11.2':
    resolution: {integrity: sha1-RuG/Mh7ArB4P0x3qQaPR/L3NoLU=, tarball: https://registry.npmjs.org/@redocly/ajv/-/ajv-8.11.2.tgz}

  '@redocly/config@0.22.0':
    resolution: {integrity: sha1-skVPRy+dKyF9VvguTyjTRpAfMkI=, tarball: https://registry.npmjs.org/@redocly/config/-/config-0.22.0.tgz}

  '@redocly/openapi-core@1.34.17':
    resolution: {integrity: sha1-HuswcMOZql01V9CFOdP4gnvRzzs=, tarball: https://registry.npmjs.org/@redocly/openapi-core/-/openapi-core-1.34.17.tgz}
    engines: {node: '>=18.17.0', npm: '>=9.5.0'}

  '@rolldown/binding-android-arm64@1.1.5':
    resolution: {integrity: sha1-9Yy5oKgSjtBYIoJyBShUf8XANfM=, tarball: https://registry.npmjs.org/@rolldown/binding-android-arm64/-/binding-android-arm64-1.1.5.tgz}
    engines: {node: ^20.19.0 || >=22.12.0}
    cpu: [arm64]
    os: [android]

  '@rolldown/binding-darwin-arm64@1.1.5':
    resolution: {integrity: sha1-RBFEwFpKgxqnUmmrw6SjJDdOpwc=, tarball: https://registry.npmjs.org/@rolldown/binding-darwin-arm64/-/binding-darwin-arm64-1.1.5.tgz}
    engines: {node: ^20.19.0 || >=22.12.0}
    cpu: [arm64]
    os: [darwin]

  '@rolldown/binding-darwin-x64@1.1.5':
    resolution: {integrity: sha1-yC4wZSzvUsSvkl1cZsiVWkAxmBY=, tarball: https://registry.npmjs.org/@rolldown/binding-darwin-x64/-/binding-darwin-x64-1.1.5.tgz}
    engines: {node: ^20.19.0 || >=22.12.0}
    cpu: [x64]
    os: [darwin]

  '@rolldown/binding-freebsd-x64@1.1.5':
    resolution: {integrity: sha1-wy6c5/ocD7K4CROio6BcPpB9BrA=, tarball: https://registry.npmjs.org/@rolldown/binding-freebsd-x64/-/binding-freebsd-x64-1.1.5.tgz}
    engines: {node: ^20.19.0 || >=22.12.0}
    cpu: [x64]
    os: [freebsd]

  '@rolldown/binding-linux-arm-gnueabihf@1.1.5':
    resolution: {integrity: sha1-zpC14iMWretQLqAQWC9JjNBgTyc=, tarball: https://registry.npmjs.org/@rolldown/binding-linux-arm-gnueabihf/-/binding-linux-arm-gnueabihf-1.1.5.tgz}
    engines: {node: ^20.19.0 || >=22.12.0}
    cpu: [arm]
    os: [linux]

  '@rolldown/binding-linux-arm64-gnu@1.1.5':
    resolution: {integrity: sha1-kZRxEMTdqk7vsATlJogHCXcIUgE=, tarball: https://registry.npmjs.org/@rolldown/binding-linux-arm64-gnu/-/binding-linux-arm64-gnu-1.1.5.tgz}
    engines: {node: ^20.19.0 || >=22.12.0}
    cpu: [arm64]
    os: [linux]
    libc: [glibc]

  '@rolldown/binding-linux-arm64-musl@1.1.5':
    resolution: {integrity: sha1-6zKy1BCMHHArkejN6KBD6uXKqU0=, tarball: https://registry.npmjs.org/@rolldown/binding-linux-arm64-musl/-/binding-linux-arm64-musl-1.1.5.tgz}
    engines: {node: ^20.19.0 || >=22.12.0}
    cpu: [arm64]
    os: [linux]
    libc: [musl]

  '@rolldown/binding-linux-ppc64-gnu@1.1.5':
    resolution: {integrity: sha1-zLlDwR5acmVcuwL8EWNUHOtkB4I=, tarball: https://registry.npmjs.org/@rolldown/binding-linux-ppc64-gnu/-/binding-linux-ppc64-gnu-1.1.5.tgz}
    engines: {node: ^20.19.0 || >=22.12.0}
    cpu: [ppc64]
    os: [linux]
    libc: [glibc]

  '@rolldown/binding-linux-s390x-gnu@1.1.5':
    resolution: {integrity: sha1-ozcx7lZ+kLdfrG5eVTB+iiswOPA=, tarball: https://registry.npmjs.org/@rolldown/binding-linux-s390x-gnu/-/binding-linux-s390x-gnu-1.1.5.tgz}
    engines: {node: ^20.19.0 || >=22.12.0}
    cpu: [s390x]
    os: [linux]
    libc: [glibc]

  '@rolldown/binding-linux-x64-gnu@1.1.5':
    resolution: {integrity: sha1-p0wBqqzt/BHDm2/rozpfoMZUlJ8=, tarball: https://registry.npmjs.org/@rolldown/binding-linux-x64-gnu/-/binding-linux-x64-gnu-1.1.5.tgz}
    engines: {node: ^20.19.0 || >=22.12.0}
    cpu: [x64]
    os: [linux]
    libc: [glibc]

  '@rolldown/binding-linux-x64-musl@1.1.5':
    resolution: {integrity: sha1-KM0XhJT6HmXbpBIim1zlXE3Vy9E=, tarball: https://registry.npmjs.org/@rolldown/binding-linux-x64-musl/-/binding-linux-x64-musl-1.1.5.tgz}
    engines: {node: ^20.19.0 || >=22.12.0}
    cpu: [x64]
    os: [linux]
    libc: [musl]

  '@rolldown/binding-openharmony-arm64@1.1.5':
    resolution: {integrity: sha1-98dfqRP8IIhNJqfUiNT1xZfNccA=, tarball: https://registry.npmjs.org/@rolldown/binding-openharmony-arm64/-/binding-openharmony-arm64-1.1.5.tgz}
    engines: {node: ^20.19.0 || >=22.12.0}
    cpu: [arm64]
    os: [openharmony]

  '@rolldown/binding-wasm32-wasi@1.1.5':
    resolution: {integrity: sha1-w3lYGUd4cIHfNj6hBhQPzV/sJS0=, tarball: https://registry.npmjs.org/@rolldown/binding-wasm32-wasi/-/binding-wasm32-wasi-1.1.5.tgz}
    engines: {node: ^20.19.0 || >=22.12.0}
    cpu: [wasm32]

  '@rolldown/binding-win32-arm64-msvc@1.1.5':
    resolution: {integrity: sha1-8jyIaU96cpoS85UCSu4434Cha6M=, tarball: https://registry.npmjs.org/@rolldown/binding-win32-arm64-msvc/-/binding-win32-arm64-msvc-1.1.5.tgz}
    engines: {node: ^20.19.0 || >=22.12.0}
    cpu: [arm64]
    os: [win32]

  '@rolldown/binding-win32-x64-msvc@1.1.5':
    resolution: {integrity: sha1-M3fI3g5WqIV/ESF1YRRwkOh0y0Y=, tarball: https://registry.npmjs.org/@rolldown/binding-win32-x64-msvc/-/binding-win32-x64-msvc-1.1.5.tgz}
    engines: {node: ^20.19.0 || >=22.12.0}
    cpu: [x64]
    os: [win32]

  '@rolldown/pluginutils@1.0.1':
    resolution: {integrity: sha1-4/zuCT+7XOdl4a0Ij/TeKIn2+b4=, tarball: https://registry.npmjs.org/@rolldown/pluginutils/-/pluginutils-1.0.1.tgz}

  '@standard-schema/spec@1.1.0':
    resolution: {integrity: sha1-p5tV26+GBIEvUtFAssmrQbwVC7g=, tarball: https://registry.npmjs.org/@standard-schema/spec/-/spec-1.1.0.tgz}

  '@tanstack/query-core@5.101.2':
    resolution: {integrity: sha1-yQH7draBaf9eHkQBdATn4ukM4a8=, tarball: https://registry.npmjs.org/@tanstack/query-core/-/query-core-5.101.2.tgz}

  '@tanstack/react-query@5.101.2':
    resolution: {integrity: sha1-2IYzG80p34S8BMRdkxkrggfRfH8=, tarball: https://registry.npmjs.org/@tanstack/react-query/-/react-query-5.101.2.tgz}
    peerDependencies:
      react: ^18 || ^19

  '@tybys/wasm-util@0.10.3':
    resolution: {integrity: sha1-AVy6np3UfOFNA9KoxdVHv7FpZl0=, tarball: https://registry.npmjs.org/@tybys/wasm-util/-/wasm-util-0.10.3.tgz}

  '@types/chai@5.2.3':
    resolution: {integrity: sha1-jpzZ4cNYH6azQaWu1ViOsoW+C0o=, tarball: https://registry.npmjs.org/@types/chai/-/chai-5.2.3.tgz}

  '@types/deep-eql@4.0.2':
    resolution: {integrity: sha1-M0MRlx06BxIefrkbaEpgXn7qnL0=, tarball: https://registry.npmjs.org/@types/deep-eql/-/deep-eql-4.0.2.tgz}

  '@types/estree@1.0.9':
    resolution: {integrity: sha1-zz8Oh2177hWpOrkluCv1cKOQSiQ=, tarball: https://registry.npmjs.org/@types/estree/-/estree-1.0.9.tgz}

  '@types/node@24.13.3':
    resolution: {integrity: sha1-SfGL08ZHhm3NpRoHVsFF4UWQzhY=, tarball: https://registry.npmjs.org/@types/node/-/node-24.13.3.tgz}

  '@types/react-dom@19.2.3':
    resolution: {integrity: sha1-weMF0VpSo+UI1U3Kdw0gLLY6vyw=, tarball: https://registry.npmjs.org/@types/react-dom/-/react-dom-19.2.3.tgz}
    peerDependencies:
      '@types/react': ^19.2.0

  '@types/react@19.2.17':
    resolution: {integrity: sha1-3MrDZbqg8XNOwnD/S1HIlGXo3H8=, tarball: https://registry.npmjs.org/@types/react/-/react-19.2.17.tgz}

  '@vitejs/plugin-react@6.0.3':
    resolution: {integrity: sha1-VfHX9VhTTRCu8DwAfcIIt8N3HOQ=, tarball: https://registry.npmjs.org/@vitejs/plugin-react/-/plugin-react-6.0.3.tgz}
    engines: {node: ^20.19.0 || >=22.12.0}
    peerDependencies:
      '@rolldown/plugin-babel': ^0.1.7 || ^0.2.0
      babel-plugin-react-compiler: ^1.0.0
      vite: ^8.0.0
    peerDependenciesMeta:
      '@rolldown/plugin-babel':
        optional: true
      babel-plugin-react-compiler:
        optional: true

  '@vitest/expect@4.1.10':
    resolution: {integrity: sha1-eZwG/ES7DPfieEE3tifFzBcyhdQ=, tarball: https://registry.npmjs.org/@vitest/expect/-/expect-4.1.10.tgz}

  '@vitest/mocker@4.1.10':
    resolution: {integrity: sha1-JBOYerTNf6HCthS0BMQHv2rR6tE=, tarball: https://registry.npmjs.org/@vitest/mocker/-/mocker-4.1.10.tgz}
    peerDependencies:
      msw: ^2.4.9
      vite: ^6.0.0 || ^7.0.0 || ^8.0.0
    peerDependenciesMeta:
      msw:
        optional: true
      vite:
        optional: true

  '@vitest/pretty-format@4.1.10':
    resolution: {integrity: sha1-dVQucnOgjMEP1Nja1OPrHxbNlYw=, tarball: https://registry.npmjs.org/@vitest/pretty-format/-/pretty-format-4.1.10.tgz}

  '@vitest/runner@4.1.10':
    resolution: {integrity: sha1-/r8KIakWhCFCLRlVNw5gb+q2A1U=, tarball: https://registry.npmjs.org/@vitest/runner/-/runner-4.1.10.tgz}

  '@vitest/snapshot@4.1.10':
    resolution: {integrity: sha1-fj6f7H1NRyMuSTz9y9IXDeQ3HAQ=, tarball: https://registry.npmjs.org/@vitest/snapshot/-/snapshot-4.1.10.tgz}

  '@vitest/spy@4.1.10':
    resolution: {integrity: sha1-XAv6l7Vrup43QDyXbbd2/2q1b2U=, tarball: https://registry.npmjs.org/@vitest/spy/-/spy-4.1.10.tgz}

  '@vitest/utils@4.1.10':
    resolution: {integrity: sha1-/8cQVfGL/Msf0FhjZevCgkiS5AM=, tarball: https://registry.npmjs.org/@vitest/utils/-/utils-4.1.10.tgz}

  agent-base@7.1.4:
    resolution: {integrity: sha1-48121MVI7oldPD/Y3B9sW5Ay56g=, tarball: https://registry.npmjs.org/agent-base/-/agent-base-7.1.4.tgz}
    engines: {node: '>= 14'}

  ansi-colors@4.1.3:
    resolution: {integrity: sha1-N2ETQOsiQ+cMxgTK011jJw1IeBs=, tarball: https://registry.npmjs.org/ansi-colors/-/ansi-colors-4.1.3.tgz}
    engines: {node: '>=6'}

  argparse@2.0.1:
    resolution: {integrity: sha1-JG9Q88p4oyQPbJl+ipvR6sSeSzg=, tarball: https://registry.npmjs.org/argparse/-/argparse-2.0.1.tgz}

  assertion-error@2.0.1:
    resolution: {integrity: sha1-9kGhlrM1aQsQcL8AtudZP+wZC/c=, tarball: https://registry.npmjs.org/assertion-error/-/assertion-error-2.0.1.tgz}
    engines: {node: '>=12'}

  balanced-match@1.0.2:
    resolution: {integrity: sha1-6D46fj8wCzTLnYf2FfoMvzV2kO4=, tarball: https://registry.npmjs.org/balanced-match/-/balanced-match-1.0.2.tgz}

  brace-expansion@2.1.2:
    resolution: {integrity: sha1-C7oicf631Fiw0xrRNiWqpHVEMeI=, tarball: https://registry.npmjs.org/brace-expansion/-/brace-expansion-2.1.2.tgz}

  chai@6.2.2:
    resolution: {integrity: sha1-rkG1LJrKh3NFBTYnF/MlX6zaNg4=, tarball: https://registry.npmjs.org/chai/-/chai-6.2.2.tgz}
    engines: {node: '>=18'}

  change-case@5.4.4:
    resolution: {integrity: sha1-DVK1B9j7jyBDQ0MjgdGm17/5egI=, tarball: https://registry.npmjs.org/change-case/-/change-case-5.4.4.tgz}

  chess.js@1.4.0:
    resolution: {integrity: sha1-7cFDlJLRoNf1MLpysrU5i67OKKE=, tarball: https://registry.npmjs.org/chess.js/-/chess.js-1.4.0.tgz}

  colorette@1.4.0:
    resolution: {integrity: sha1-UZD7uHJ2JZqGrXAL/yxtb6o/ykA=, tarball: https://registry.npmjs.org/colorette/-/colorette-1.4.0.tgz}

  convert-source-map@2.0.0:
    resolution: {integrity: sha1-S1YPZJ/E6RjdCrdc9JYei8iC2Co=, tarball: https://registry.npmjs.org/convert-source-map/-/convert-source-map-2.0.0.tgz}

  cookie@1.1.1:
    resolution: {integrity: sha1-O7m9/II2nbnC9pyTycPOsxDIizw=, tarball: https://registry.npmjs.org/cookie/-/cookie-1.1.1.tgz}
    engines: {node: '>=18'}

  csstype@3.2.3:
    resolution: {integrity: sha1-7EjA8+mT5QZIyG2lWeJhCZXPmJo=, tarball: https://registry.npmjs.org/csstype/-/csstype-3.2.3.tgz}

  debug@4.4.3:
    resolution: {integrity: sha1-xq5DLZvZZiWC/OCHCbA4xY6ePWo=, tarball: https://registry.npmjs.org/debug/-/debug-4.4.3.tgz}
    engines: {node: '>=6.0'}
    peerDependencies:
      supports-color: '*'
    peerDependenciesMeta:
      supports-color:
        optional: true

  detect-libc@2.1.2:
    resolution: {integrity: sha1-aJxdzcGQDvVYOky59te0c3QgdK0=, tarball: https://registry.npmjs.org/detect-libc/-/detect-libc-2.1.2.tgz}
    engines: {node: '>=8'}

  es-module-lexer@2.3.1:
    resolution: {integrity: sha1-W/LfBpmdu+XwBqX0ahH7n1t7ORs=, tarball: https://registry.npmjs.org/es-module-lexer/-/es-module-lexer-2.3.1.tgz}

  estree-walker@3.0.3:
    resolution: {integrity: sha1-Z8PlSexAKkh7T8GT0ZU6UkdSNA0=, tarball: https://registry.npmjs.org/estree-walker/-/estree-walker-3.0.3.tgz}

  expect-type@1.4.0:
    resolution: {integrity: sha1-JO338MxppE0AhWe6RZSrlvPDo9Y=, tarball: https://registry.npmjs.org/expect-type/-/expect-type-1.4.0.tgz}
    engines: {node: '>=12.0.0'}

  fast-deep-equal@3.1.3:
    resolution: {integrity: sha1-On1WtVnWy8PrUSMlJE5hmmXGxSU=, tarball: https://registry.npmjs.org/fast-deep-equal/-/fast-deep-equal-3.1.3.tgz}

  fdir@6.5.0:
    resolution: {integrity: sha1-7Sq5Z6MxreYvGNB32uGSaE1Q01A=, tarball: https://registry.npmjs.org/fdir/-/fdir-6.5.0.tgz}
    engines: {node: '>=12.0.0'}
    peerDependencies:
      picomatch: ^3 || ^4
    peerDependenciesMeta:
      picomatch:
        optional: true

  fsevents@2.3.3:
    resolution: {integrity: sha1-ysZAd4XQNnWipeGlMFxpezR9kNY=, tarball: https://registry.npmjs.org/fsevents/-/fsevents-2.3.3.tgz}
    engines: {node: ^8.16.0 || ^10.6.0 || >=11.0.0}
    os: [darwin]

  https-proxy-agent@7.0.6:
    resolution: {integrity: sha1-2o3+rH2hMLBcK6S1nJts1mYRprk=, tarball: https://registry.npmjs.org/https-proxy-agent/-/https-proxy-agent-7.0.6.tgz}
    engines: {node: '>= 14'}

  index-to-position@1.2.0:
    resolution: {integrity: sha1-yADrNNrPTb+WubBsfreNX3BBOLQ=, tarball: https://registry.npmjs.org/index-to-position/-/index-to-position-1.2.0.tgz}
    engines: {node: '>=18'}

  js-levenshtein@1.1.6:
    resolution: {integrity: sha1-xs7ljrNVA3LfjeuF+tXOZs4B1Z0=, tarball: https://registry.npmjs.org/js-levenshtein/-/js-levenshtein-1.1.6.tgz}
    engines: {node: '>=0.10.0'}

  js-tokens@4.0.0:
    resolution: {integrity: sha1-GSA/tZmR35jjoocFDUZHzerzJJk=, tarball: https://registry.npmjs.org/js-tokens/-/js-tokens-4.0.0.tgz}

  js-yaml@4.2.0:
    resolution: {integrity: sha1-K9noVoLdkb1GmvuAnYFgQ7PUlSQ=, tarball: https://registry.npmjs.org/js-yaml/-/js-yaml-4.2.0.tgz}
    hasBin: true

  json-schema-traverse@1.0.0:
    resolution: {integrity: sha1-rnvLNlard6c7pcSb9lTzjmtoYOI=, tarball: https://registry.npmjs.org/json-schema-traverse/-/json-schema-traverse-1.0.0.tgz}

  lightningcss-android-arm64@1.32.0:
    resolution: {integrity: sha1-8DOIURbf79nG9UeHUj41FLYeGWg=, tarball: https://registry.npmjs.org/lightningcss-android-arm64/-/lightningcss-android-arm64-1.32.0.tgz}
    engines: {node: '>= 12.0.0'}
    cpu: [arm64]
    os: [android]

  lightningcss-darwin-arm64@1.32.0:
    resolution: {integrity: sha1-ULcYcbAcgZlYS2SeKSVH+up6+bU=, tarball: https://registry.npmjs.org/lightningcss-darwin-arm64/-/lightningcss-darwin-arm64-1.32.0.tgz}
    engines: {node: '>= 12.0.0'}
    cpu: [arm64]
    os: [darwin]

  lightningcss-darwin-x64@1.32.0:
    resolution: {integrity: sha1-NfPpczLRMLnKGB4RtWje1q68bV4=, tarball: https://registry.npmjs.org/lightningcss-darwin-x64/-/lightningcss-darwin-x64-1.32.0.tgz}
    engines: {node: '>= 12.0.0'}
    cpu: [x64]
    os: [darwin]

  lightningcss-freebsd-x64@1.32.0:
    resolution: {integrity: sha1-l3enZHK2Ttb/lDQq1kx7r9eUpXU=, tarball: https://registry.npmjs.org/lightningcss-freebsd-x64/-/lightningcss-freebsd-x64-1.32.0.tgz}
    engines: {node: '>= 12.0.0'}
    cpu: [x64]
    os: [freebsd]

  lightningcss-linux-arm-gnueabihf@1.32.0:
    resolution: {integrity: sha1-E65lLhq3O5E117faFy9mbEEK1T0=, tarball: https://registry.npmjs.org/lightningcss-linux-arm-gnueabihf/-/lightningcss-linux-arm-gnueabihf-1.32.0.tgz}
    engines: {node: '>= 12.0.0'}
    cpu: [arm]
    os: [linux]

  lightningcss-linux-arm64-gnu@1.32.0:
    resolution: {integrity: sha1-QXhYeVqUWS9oASOhsfnaig4e8zU=, tarball: https://registry.npmjs.org/lightningcss-linux-arm64-gnu/-/lightningcss-linux-arm64-gnu-1.32.0.tgz}
    engines: {node: '>= 12.0.0'}
    cpu: [arm64]
    os: [linux]
    libc: [glibc]

  lightningcss-linux-arm64-musl@1.32.0:
    resolution: {integrity: sha1-a+NmkugQtxgECAL9gJYjz/5zITM=, tarball: https://registry.npmjs.org/lightningcss-linux-arm64-musl/-/lightningcss-linux-arm64-musl-1.32.0.tgz}
    engines: {node: '>= 12.0.0'}
    cpu: [arm64]
    os: [linux]
    libc: [musl]

  lightningcss-linux-x64-gnu@1.32.0:
    resolution: {integrity: sha1-C3gDr06yHP043Tn+Kru1PH3QkfY=, tarball: https://registry.npmjs.org/lightningcss-linux-x64-gnu/-/lightningcss-linux-x64-gnu-1.32.0.tgz}
    engines: {node: '>= 12.0.0'}
    cpu: [x64]
    os: [linux]
    libc: [glibc]

  lightningcss-linux-x64-musl@1.32.0:
    resolution: {integrity: sha1-iNyLqGXd3bGsXvBLDxYYBEGMFjs=, tarball: https://registry.npmjs.org/lightningcss-linux-x64-musl/-/lightningcss-linux-x64-musl-1.32.0.tgz}
    engines: {node: '>= 12.0.0'}
    cpu: [x64]
    os: [linux]
    libc: [musl]

  lightningcss-win32-arm64-msvc@1.32.0:
    resolution: {integrity: sha1-TzC6P6XpJfW3n5RejMDRdsOxqzg=, tarball: https://registry.npmjs.org/lightningcss-win32-arm64-msvc/-/lightningcss-win32-arm64-msvc-1.32.0.tgz}
    engines: {node: '>= 12.0.0'}
    cpu: [arm64]
    os: [win32]

  lightningcss-win32-x64-msvc@1.32.0:
    resolution: {integrity: sha1-FBqlYFZFBkkokCu0rwRfp9n0Igo=, tarball: https://registry.npmjs.org/lightningcss-win32-x64-msvc/-/lightningcss-win32-x64-msvc-1.32.0.tgz}
    engines: {node: '>= 12.0.0'}
    cpu: [x64]
    os: [win32]

  lightningcss@1.32.0:
    resolution: {integrity: sha1-uFqulkhtyxv0mnyFcSISc/Tx5Kk=, tarball: https://registry.npmjs.org/lightningcss/-/lightningcss-1.32.0.tgz}
    engines: {node: '>= 12.0.0'}

  magic-string@0.30.21:
    resolution: {integrity: sha1-VnY+wJoPqAkd8nh5/ZTRkHjADZE=, tarball: https://registry.npmjs.org/magic-string/-/magic-string-0.30.21.tgz}

  minimatch@5.1.9:
    resolution: {integrity: sha1-EpPvFdsAmLOUVA6Pn3RPn9qN7ks=, tarball: https://registry.npmjs.org/minimatch/-/minimatch-5.1.9.tgz}
    engines: {node: '>=10'}

  ms@2.1.3:
    resolution: {integrity: sha1-V0yBOM4dK1hh8LRFedut1gxmFbI=, tarball: https://registry.npmjs.org/ms/-/ms-2.1.3.tgz}

  nanoid@3.3.16:
    resolution: {integrity: sha1-oE2OxLHxAAnS1TOUeu/kKTc3gWw=, tarball: https://registry.npmjs.org/nanoid/-/nanoid-3.3.16.tgz}
    engines: {node: ^10 || ^12 || ^13.7 || ^14 || >=15.0.1}
    hasBin: true

  obug@2.1.3:
    resolution: {integrity: sha1-wCxg+Vq9YDQJMw52fbfygjGTMx4=, tarball: https://registry.npmjs.org/obug/-/obug-2.1.3.tgz}
    engines: {node: '>=12.20.0'}

  openapi-typescript@7.13.0:
    resolution: {integrity: sha1-XQ3F6V1kj7qFsVNRoLkcWBXYNgs=, tarball: https://registry.npmjs.org/openapi-typescript/-/openapi-typescript-7.13.0.tgz}
    hasBin: true
    peerDependencies:
      typescript: ^5.x

  parse-json@8.3.0:
    resolution: {integrity: sha1-iKGVohVwJROaIxek8vklK2EwTtU=, tarball: https://registry.npmjs.org/parse-json/-/parse-json-8.3.0.tgz}
    engines: {node: '>=18'}

  pathe@2.0.3:
    resolution: {integrity: sha1-PsvsVUIWhbcKnahyss/z4cvtFxY=, tarball: https://registry.npmjs.org/pathe/-/pathe-2.0.3.tgz}

  picocolors@1.1.1:
    resolution: {integrity: sha1-PTIa8+q5ObCDyPkpodEs2oHCa2s=, tarball: https://registry.npmjs.org/picocolors/-/picocolors-1.1.1.tgz}

  picomatch@4.0.5:
    resolution: {integrity: sha1-UepXoX2G9gX4EDlZX7xA7QalX6s=, tarball: https://registry.npmjs.org/picomatch/-/picomatch-4.0.5.tgz}
    engines: {node: '>=12'}

  pluralize@8.0.0:
    resolution: {integrity: sha1-Gm+hajjRKhkB4DIPoBcFHFOc47E=, tarball: https://registry.npmjs.org/pluralize/-/pluralize-8.0.0.tgz}
    engines: {node: '>=4'}

  postcss@8.5.19:
    resolution: {integrity: sha1-Ra1c/eSZQI4gFHNII3VROBqSIDc=, tarball: https://registry.npmjs.org/postcss/-/postcss-8.5.19.tgz}
    engines: {node: ^10 || ^12 || >=14}

  react-chessboard@5.10.0:
    resolution: {integrity: sha1-CW6IZspbGNY608NE6NFKs3wM8XY=, tarball: https://registry.npmjs.org/react-chessboard/-/react-chessboard-5.10.0.tgz}
    engines: {node: '>=20.11.0', pnpm: '>=9.4.0'}
    peerDependencies:
      react: ^19.0.0
      react-dom: ^19.0.0

  react-dom@19.2.7:
    resolution: {integrity: sha1-BFDcmundv/du8ZZAHNi4x/tGbMw=, tarball: https://registry.npmjs.org/react-dom/-/react-dom-19.2.7.tgz}
    peerDependencies:
      react: ^19.2.7

  react-router-dom@7.18.1:
    resolution: {integrity: sha1-DRsTjikTkwWa1IHD4Q42Y4WpeKQ=, tarball: https://registry.npmjs.org/react-router-dom/-/react-router-dom-7.18.1.tgz}
    engines: {node: '>=20.0.0'}
    peerDependencies:
      react: '>=18'
      react-dom: '>=18'

  react-router@7.18.1:
    resolution: {integrity: sha1-YSWdFZS5XBrOKZ7kxXRTVw8MIvE=, tarball: https://registry.npmjs.org/react-router/-/react-router-7.18.1.tgz}
    engines: {node: '>=20.0.0'}
    peerDependencies:
      react: '>=18'
      react-dom: '>=18'
    peerDependenciesMeta:
      react-dom:
        optional: true

  react@19.2.7:
    resolution: {integrity: sha1-H0ehv8BvjsiFdSxvSvFDaan4Jgs=, tarball: https://registry.npmjs.org/react/-/react-19.2.7.tgz}
    engines: {node: '>=0.10.0'}

  require-from-string@2.0.2:
    resolution: {integrity: sha1-iaf92TgmEmcxjq/hT5wy5ZjDaQk=, tarball: https://registry.npmjs.org/require-from-string/-/require-from-string-2.0.2.tgz}
    engines: {node: '>=0.10.0'}

  rolldown@1.1.5:
    resolution: {integrity: sha1-M5quJQhENR/FW3TiZS0+vW+6OJ0=, tarball: https://registry.npmjs.org/rolldown/-/rolldown-1.1.5.tgz}
    engines: {node: ^20.19.0 || >=22.12.0}
    hasBin: true

  scheduler@0.27.0:
    resolution: {integrity: sha1-DE74LWfR5cHjWej8dtOofwRf5b0=, tarball: https://registry.npmjs.org/scheduler/-/scheduler-0.27.0.tgz}

  set-cookie-parser@2.7.2:
    resolution: {integrity: sha1-zNCGc6muXS5E6iot4lCJ5nx+32g=, tarball: https://registry.npmjs.org/set-cookie-parser/-/set-cookie-parser-2.7.2.tgz}

  siginfo@2.0.0:
    resolution: {integrity: sha1-MudscLeXJOO7Vny51UPrhYzPrzA=, tarball: https://registry.npmjs.org/siginfo/-/siginfo-2.0.0.tgz}

  source-map-js@1.2.1:
    resolution: {integrity: sha1-HOVlD93YerwJnto33P8CTCZnrkY=, tarball: https://registry.npmjs.org/source-map-js/-/source-map-js-1.2.1.tgz}
    engines: {node: '>=0.10.0'}

  stackback@0.0.2:
    resolution: {integrity: sha1-Gsig2Ug4SNFpXkGLbQMaPDzmjjs=, tarball: https://registry.npmjs.org/stackback/-/stackback-0.0.2.tgz}

  std-env@4.2.0:
    resolution: {integrity: sha1-jr4OxgSFZoq0ciezEvQlTN+AydM=, tarball: https://registry.npmjs.org/std-env/-/std-env-4.2.0.tgz}

  supports-color@10.2.2:
    resolution: {integrity: sha1-RmwpeMxc0AUtVCoLV2RhwrgC67Q=, tarball: https://registry.npmjs.org/supports-color/-/supports-color-10.2.2.tgz}
    engines: {node: '>=18'}

  tinybench@2.9.0:
    resolution: {integrity: sha1-EDyfi6bXI3pHq23R3P93JRhjQms=, tarball: https://registry.npmjs.org/tinybench/-/tinybench-2.9.0.tgz}

  tinyexec@1.2.4:
    resolution: {integrity: sha1-rkW7Lt69qUxw9OqJfg8SQ+Rw23E=, tarball: https://registry.npmjs.org/tinyexec/-/tinyexec-1.2.4.tgz}
    engines: {node: '>=18'}

  tinyglobby@0.2.17:
    resolution: {integrity: sha1-ViqabJ6ys7Ej05cZ+a9btE/NdjE=, tarball: https://registry.npmjs.org/tinyglobby/-/tinyglobby-0.2.17.tgz}
    engines: {node: '>=12.0.0'}

  tinyrainbow@3.1.0:
    resolution: {integrity: sha1-HYpiOJP5XPCi3bnl0RFQ4ZFAlCE=, tarball: https://registry.npmjs.org/tinyrainbow/-/tinyrainbow-3.1.0.tgz}
    engines: {node: '>=14.0.0'}

  tslib@2.8.1:
    resolution: {integrity: sha1-YS7+TtI11Wfoq6Xypfq3AoCt6D8=, tarball: https://registry.npmjs.org/tslib/-/tslib-2.8.1.tgz}

  type-fest@4.41.0:
    resolution: {integrity: sha1-auHI5XMSc8K/H1itOcuuLJGkbFg=, tarball: https://registry.npmjs.org/type-fest/-/type-fest-4.41.0.tgz}
    engines: {node: '>=16'}

  typescript@6.0.3:
    resolution: {integrity: sha1-kCUdwAeRbpcnhsuU100VsYVXfSE=, tarball: https://registry.npmjs.org/typescript/-/typescript-6.0.3.tgz}
    engines: {node: '>=14.17'}
    hasBin: true

  undici-types@7.18.2:
    resolution: {integrity: sha1-KTV6iee3ykrvO/D9P9DNc4hCKek=, tarball: https://registry.npmjs.org/undici-types/-/undici-types-7.18.2.tgz}

  uri-js-replace@1.0.1:
    resolution: {integrity: sha1-woW7NStwHJ39rv/E2lvnf5NskEg=, tarball: https://registry.npmjs.org/uri-js-replace/-/uri-js-replace-1.0.1.tgz}

  vite@8.1.4:
    resolution: {integrity: sha1-PNcR8x3oBeUVSrR5SDSeaTMU1YE=, tarball: https://registry.npmjs.org/vite/-/vite-8.1.4.tgz}
    engines: {node: ^20.19.0 || >=22.12.0}
    hasBin: true
    peerDependencies:
      '@types/node': ^20.19.0 || >=22.12.0
      '@vitejs/devtools': ^0.3.0
      esbuild: ^0.27.0 || ^0.28.0
      jiti: '>=1.21.0'
      less: ^4.0.0
      sass: ^1.70.0
      sass-embedded: ^1.70.0
      stylus: '>=0.54.8'
      sugarss: ^5.0.0
      terser: ^5.16.0
      tsx: ^4.8.1
      yaml: ^2.4.2
    peerDependenciesMeta:
      '@types/node':
        optional: true
      '@vitejs/devtools':
        optional: true
      esbuild:
        optional: true
      jiti:
        optional: true
      less:
        optional: true
      sass:
        optional: true
      sass-embedded:
        optional: true
      stylus:
        optional: true
      sugarss:
        optional: true
      terser:
        optional: true
      tsx:
        optional: true
      yaml:
        optional: true

  vitest@4.1.10:
    resolution: {integrity: sha1-fpKF7+JksRZwULejp/80eI4bevw=, tarball: https://registry.npmjs.org/vitest/-/vitest-4.1.10.tgz}
    engines: {node: ^20.0.0 || ^22.0.0 || >=24.0.0}
    hasBin: true
    peerDependencies:
      '@edge-runtime/vm': '*'
      '@opentelemetry/api': ^1.9.0
      '@types/node': ^20.0.0 || ^22.0.0 || >=24.0.0
      '@vitest/browser-playwright': 4.1.10
      '@vitest/browser-preview': 4.1.10
      '@vitest/browser-webdriverio': 4.1.10
      '@vitest/coverage-istanbul': 4.1.10
      '@vitest/coverage-v8': 4.1.10
      '@vitest/ui': 4.1.10
      happy-dom: '*'
      jsdom: '*'
      vite: ^6.0.0 || ^7.0.0 || ^8.0.0
    peerDependenciesMeta:
      '@edge-runtime/vm':
        optional: true
      '@opentelemetry/api':
        optional: true
      '@types/node':
        optional: true
      '@vitest/browser-playwright':
        optional: true
      '@vitest/browser-preview':
        optional: true
      '@vitest/browser-webdriverio':
        optional: true
      '@vitest/coverage-istanbul':
        optional: true
      '@vitest/coverage-v8':
        optional: true
      '@vitest/ui':
        optional: true
      happy-dom:
        optional: true
      jsdom:
        optional: true

  why-is-node-running@2.3.0:
    resolution: {integrity: sha1-o/aalxB/SUs83Dvd3Yg6fWXOvwQ=, tarball: https://registry.npmjs.org/why-is-node-running/-/why-is-node-running-2.3.0.tgz}
    engines: {node: '>=8'}
    hasBin: true

  yaml-ast-parser@0.0.43:
    resolution: {integrity: sha1-6KI+b7TDgHarkplcXcoz89PXybs=, tarball: https://registry.npmjs.org/yaml-ast-parser/-/yaml-ast-parser-0.0.43.tgz}

  yargs-parser@21.1.1:
    resolution: {integrity: sha1-kJa87r+ZDSG7MfqVFuDt4pSnfTU=, tarball: https://registry.npmjs.org/yargs-parser/-/yargs-parser-21.1.1.tgz}
    engines: {node: '>=12'}

snapshots:

  '@babel/code-frame@7.29.7':
    dependencies:
      '@babel/helper-validator-identifier': 7.29.7
      js-tokens: 4.0.0
      picocolors: 1.1.1

  '@babel/helper-validator-identifier@7.29.7': {}

  '@biomejs/biome@2.5.4':
    optionalDependencies:
      '@biomejs/cli-darwin-arm64': 2.5.4
      '@biomejs/cli-darwin-x64': 2.5.4
      '@biomejs/cli-linux-arm64': 2.5.4
      '@biomejs/cli-linux-arm64-musl': 2.5.4
      '@biomejs/cli-linux-x64': 2.5.4
      '@biomejs/cli-linux-x64-musl': 2.5.4
      '@biomejs/cli-win32-arm64': 2.5.4
      '@biomejs/cli-win32-x64': 2.5.4

  '@biomejs/cli-darwin-arm64@2.5.4':
    optional: true

  '@biomejs/cli-darwin-x64@2.5.4':
    optional: true

  '@biomejs/cli-linux-arm64-musl@2.5.4':
    optional: true

  '@biomejs/cli-linux-arm64@2.5.4':
    optional: true

  '@biomejs/cli-linux-x64-musl@2.5.4':
    optional: true

  '@biomejs/cli-linux-x64@2.5.4':
    optional: true

  '@biomejs/cli-win32-arm64@2.5.4':
    optional: true

  '@biomejs/cli-win32-x64@2.5.4':
    optional: true

  '@dnd-kit/accessibility@3.1.1(react@19.2.7)':
    dependencies:
      react: 19.2.7
      tslib: 2.8.1

  '@dnd-kit/core@6.3.1(react-dom@19.2.7(react@19.2.7))(react@19.2.7)':
    dependencies:
      '@dnd-kit/accessibility': 3.1.1(react@19.2.7)
      '@dnd-kit/utilities': 3.2.2(react@19.2.7)
      react: 19.2.7
      react-dom: 19.2.7(react@19.2.7)
      tslib: 2.8.1

  '@dnd-kit/modifiers@9.0.0(@dnd-kit/core@6.3.1(react-dom@19.2.7(react@19.2.7))(react@19.2.7))(react@19.2.7)':
    dependencies:
      '@dnd-kit/core': 6.3.1(react-dom@19.2.7(react@19.2.7))(react@19.2.7)
      '@dnd-kit/utilities': 3.2.2(react@19.2.7)
      react: 19.2.7
      tslib: 2.8.1

  '@dnd-kit/utilities@3.2.2(react@19.2.7)':
    dependencies:
      react: 19.2.7
      tslib: 2.8.1

  '@emnapi/core@1.11.1':
    dependencies:
      '@emnapi/wasi-threads': 1.2.2
      tslib: 2.8.1
    optional: true

  '@emnapi/runtime@1.11.1':
    dependencies:
      tslib: 2.8.1
    optional: true

  '@emnapi/wasi-threads@1.2.2':
    dependencies:
      tslib: 2.8.1
    optional: true

  '@jridgewell/sourcemap-codec@1.5.5': {}

  '@napi-rs/wasm-runtime@1.1.6(@emnapi/core@1.11.1)(@emnapi/runtime@1.11.1)':
    dependencies:
      '@emnapi/core': 1.11.1
      '@emnapi/runtime': 1.11.1
      '@tybys/wasm-util': 0.10.3
    optional: true

  '@oxc-project/types@0.139.0': {}

  '@redocly/ajv@8.11.2':
    dependencies:
      fast-deep-equal: 3.1.3
      json-schema-traverse: 1.0.0
      require-from-string: 2.0.2
      uri-js-replace: 1.0.1

  '@redocly/config@0.22.0': {}

  '@redocly/openapi-core@1.34.17(supports-color@10.2.2)':
    dependencies:
      '@redocly/ajv': 8.11.2
      '@redocly/config': 0.22.0
      colorette: 1.4.0
      https-proxy-agent: 7.0.6(supports-color@10.2.2)
      js-levenshtein: 1.1.6
      js-yaml: 4.2.0
      minimatch: 5.1.9
      pluralize: 8.0.0
      yaml-ast-parser: 0.0.43
    transitivePeerDependencies:
      - supports-color

  '@rolldown/binding-android-arm64@1.1.5':
    optional: true

  '@rolldown/binding-darwin-arm64@1.1.5':
    optional: true

  '@rolldown/binding-darwin-x64@1.1.5':
    optional: true

  '@rolldown/binding-freebsd-x64@1.1.5':
    optional: true

  '@rolldown/binding-linux-arm-gnueabihf@1.1.5':
    optional: true

  '@rolldown/binding-linux-arm64-gnu@1.1.5':
    optional: true

  '@rolldown/binding-linux-arm64-musl@1.1.5':
    optional: true

  '@rolldown/binding-linux-ppc64-gnu@1.1.5':
    optional: true

  '@rolldown/binding-linux-s390x-gnu@1.1.5':
    optional: true

  '@rolldown/binding-linux-x64-gnu@1.1.5':
    optional: true

  '@rolldown/binding-linux-x64-musl@1.1.5':
    optional: true

  '@rolldown/binding-openharmony-arm64@1.1.5':
    optional: true

  '@rolldown/binding-wasm32-wasi@1.1.5':
    dependencies:
      '@emnapi/core': 1.11.1
      '@emnapi/runtime': 1.11.1
      '@napi-rs/wasm-runtime': 1.1.6(@emnapi/core@1.11.1)(@emnapi/runtime@1.11.1)
    optional: true

  '@rolldown/binding-win32-arm64-msvc@1.1.5':
    optional: true

  '@rolldown/binding-win32-x64-msvc@1.1.5':
    optional: true

  '@rolldown/pluginutils@1.0.1': {}

  '@standard-schema/spec@1.1.0': {}

  '@tanstack/query-core@5.101.2': {}

  '@tanstack/react-query@5.101.2(react@19.2.7)':
    dependencies:
      '@tanstack/query-core': 5.101.2
      react: 19.2.7

  '@tybys/wasm-util@0.10.3':
    dependencies:
      tslib: 2.8.1
    optional: true

  '@types/chai@5.2.3':
    dependencies:
      '@types/deep-eql': 4.0.2
      assertion-error: 2.0.1

  '@types/deep-eql@4.0.2': {}

  '@types/estree@1.0.9': {}

  '@types/node@24.13.3':
    dependencies:
      undici-types: 7.18.2

  '@types/react-dom@19.2.3(@types/react@19.2.17)':
    dependencies:
      '@types/react': 19.2.17

  '@types/react@19.2.17':
    dependencies:
      csstype: 3.2.3

  '@vitejs/plugin-react@6.0.3(vite@8.1.4(@types/node@24.13.3))':
    dependencies:
      '@rolldown/pluginutils': 1.0.1
      vite: 8.1.4(@types/node@24.13.3)

  '@vitest/expect@4.1.10':
    dependencies:
      '@standard-schema/spec': 1.1.0
      '@types/chai': 5.2.3
      '@vitest/spy': 4.1.10
      '@vitest/utils': 4.1.10
      chai: 6.2.2
      tinyrainbow: 3.1.0

  '@vitest/mocker@4.1.10(vite@8.1.4(@types/node@24.13.3))':
    dependencies:
      '@vitest/spy': 4.1.10
      estree-walker: 3.0.3
      magic-string: 0.30.21
    optionalDependencies:
      vite: 8.1.4(@types/node@24.13.3)

  '@vitest/pretty-format@4.1.10':
    dependencies:
      tinyrainbow: 3.1.0

  '@vitest/runner@4.1.10':
    dependencies:
      '@vitest/utils': 4.1.10
      pathe: 2.0.3

  '@vitest/snapshot@4.1.10':
    dependencies:
      '@vitest/pretty-format': 4.1.10
      '@vitest/utils': 4.1.10
      magic-string: 0.30.21
      pathe: 2.0.3

  '@vitest/spy@4.1.10': {}

  '@vitest/utils@4.1.10':
    dependencies:
      '@vitest/pretty-format': 4.1.10
      convert-source-map: 2.0.0
      tinyrainbow: 3.1.0

  agent-base@7.1.4: {}

  ansi-colors@4.1.3: {}

  argparse@2.0.1: {}

  assertion-error@2.0.1: {}

  balanced-match@1.0.2: {}

  brace-expansion@2.1.2:
    dependencies:
      balanced-match: 1.0.2

  chai@6.2.2: {}

  change-case@5.4.4: {}

  chess.js@1.4.0: {}

  colorette@1.4.0: {}

  convert-source-map@2.0.0: {}

  cookie@1.1.1: {}

  csstype@3.2.3: {}

  debug@4.4.3(supports-color@10.2.2):
    dependencies:
      ms: 2.1.3
    optionalDependencies:
      supports-color: 10.2.2

  detect-libc@2.1.2: {}

  es-module-lexer@2.3.1: {}

  estree-walker@3.0.3:
    dependencies:
      '@types/estree': 1.0.9

  expect-type@1.4.0: {}

  fast-deep-equal@3.1.3: {}

  fdir@6.5.0(picomatch@4.0.5):
    optionalDependencies:
      picomatch: 4.0.5

  fsevents@2.3.3:
    optional: true

  https-proxy-agent@7.0.6(supports-color@10.2.2):
    dependencies:
      agent-base: 7.1.4
      debug: 4.4.3(supports-color@10.2.2)
    transitivePeerDependencies:
      - supports-color

  index-to-position@1.2.0: {}

  js-levenshtein@1.1.6: {}

  js-tokens@4.0.0: {}

  js-yaml@4.2.0:
    dependencies:
      argparse: 2.0.1

  json-schema-traverse@1.0.0: {}

  lightningcss-android-arm64@1.32.0:
    optional: true

  lightningcss-darwin-arm64@1.32.0:
    optional: true

  lightningcss-darwin-x64@1.32.0:
    optional: true

  lightningcss-freebsd-x64@1.32.0:
    optional: true

  lightningcss-linux-arm-gnueabihf@1.32.0:
    optional: true

  lightningcss-linux-arm64-gnu@1.32.0:
    optional: true

  lightningcss-linux-arm64-musl@1.32.0:
    optional: true

  lightningcss-linux-x64-gnu@1.32.0:
    optional: true

  lightningcss-linux-x64-musl@1.32.0:
    optional: true

  lightningcss-win32-arm64-msvc@1.32.0:
    optional: true

  lightningcss-win32-x64-msvc@1.32.0:
    optional: true

  lightningcss@1.32.0:
    dependencies:
      detect-libc: 2.1.2
    optionalDependencies:
      lightningcss-android-arm64: 1.32.0
      lightningcss-darwin-arm64: 1.32.0
      lightningcss-darwin-x64: 1.32.0
      lightningcss-freebsd-x64: 1.32.0
      lightningcss-linux-arm-gnueabihf: 1.32.0
      lightningcss-linux-arm64-gnu: 1.32.0
      lightningcss-linux-arm64-musl: 1.32.0
      lightningcss-linux-x64-gnu: 1.32.0
      lightningcss-linux-x64-musl: 1.32.0
      lightningcss-win32-arm64-msvc: 1.32.0
      lightningcss-win32-x64-msvc: 1.32.0

  magic-string@0.30.21:
    dependencies:
      '@jridgewell/sourcemap-codec': 1.5.5

  minimatch@5.1.9:
    dependencies:
      brace-expansion: 2.1.2

  ms@2.1.3: {}

  nanoid@3.3.16: {}

  obug@2.1.3: {}

  openapi-typescript@7.13.0(typescript@6.0.3):
    dependencies:
      '@redocly/openapi-core': 1.34.17(supports-color@10.2.2)
      ansi-colors: 4.1.3
      change-case: 5.4.4
      parse-json: 8.3.0
      supports-color: 10.2.2
      typescript: 6.0.3
      yargs-parser: 21.1.1

  parse-json@8.3.0:
    dependencies:
      '@babel/code-frame': 7.29.7
      index-to-position: 1.2.0
      type-fest: 4.41.0

  pathe@2.0.3: {}

  picocolors@1.1.1: {}

  picomatch@4.0.5: {}

  pluralize@8.0.0: {}

  postcss@8.5.19:
    dependencies:
      nanoid: 3.3.16
      picocolors: 1.1.1
      source-map-js: 1.2.1

  react-chessboard@5.10.0(react-dom@19.2.7(react@19.2.7))(react@19.2.7):
    dependencies:
      '@dnd-kit/core': 6.3.1(react-dom@19.2.7(react@19.2.7))(react@19.2.7)
      '@dnd-kit/modifiers': 9.0.0(@dnd-kit/core@6.3.1(react-dom@19.2.7(react@19.2.7))(react@19.2.7))(react@19.2.7)
      react: 19.2.7
      react-dom: 19.2.7(react@19.2.7)

  react-dom@19.2.7(react@19.2.7):
    dependencies:
      react: 19.2.7
      scheduler: 0.27.0

  react-router-dom@7.18.1(react-dom@19.2.7(react@19.2.7))(react@19.2.7):
    dependencies:
      react: 19.2.7
      react-dom: 19.2.7(react@19.2.7)
      react-router: 7.18.1(react-dom@19.2.7(react@19.2.7))(react@19.2.7)

  react-router@7.18.1(react-dom@19.2.7(react@19.2.7))(react@19.2.7):
    dependencies:
      cookie: 1.1.1
      react: 19.2.7
      set-cookie-parser: 2.7.2
    optionalDependencies:
      react-dom: 19.2.7(react@19.2.7)

  react@19.2.7: {}

  require-from-string@2.0.2: {}

  rolldown@1.1.5:
    dependencies:
      '@oxc-project/types': 0.139.0
      '@rolldown/pluginutils': 1.0.1
    optionalDependencies:
      '@rolldown/binding-android-arm64': 1.1.5
      '@rolldown/binding-darwin-arm64': 1.1.5
      '@rolldown/binding-darwin-x64': 1.1.5
      '@rolldown/binding-freebsd-x64': 1.1.5
      '@rolldown/binding-linux-arm-gnueabihf': 1.1.5
      '@rolldown/binding-linux-arm64-gnu': 1.1.5
      '@rolldown/binding-linux-arm64-musl': 1.1.5
      '@rolldown/binding-linux-ppc64-gnu': 1.1.5
      '@rolldown/binding-linux-s390x-gnu': 1.1.5
      '@rolldown/binding-linux-x64-gnu': 1.1.5
      '@rolldown/binding-linux-x64-musl': 1.1.5
      '@rolldown/binding-openharmony-arm64': 1.1.5
      '@rolldown/binding-wasm32-wasi': 1.1.5
      '@rolldown/binding-win32-arm64-msvc': 1.1.5
      '@rolldown/binding-win32-x64-msvc': 1.1.5

  scheduler@0.27.0: {}

  set-cookie-parser@2.7.2: {}

  siginfo@2.0.0: {}

  source-map-js@1.2.1: {}

  stackback@0.0.2: {}

  std-env@4.2.0: {}

  supports-color@10.2.2: {}

  tinybench@2.9.0: {}

  tinyexec@1.2.4: {}

  tinyglobby@0.2.17:
    dependencies:
      fdir: 6.5.0(picomatch@4.0.5)
      picomatch: 4.0.5

  tinyrainbow@3.1.0: {}

  tslib@2.8.1: {}

  type-fest@4.41.0: {}

  typescript@6.0.3: {}

  undici-types@7.18.2: {}

  uri-js-replace@1.0.1: {}

  vite@8.1.4(@types/node@24.13.3):
    dependencies:
      lightningcss: 1.32.0
      picomatch: 4.0.5
      postcss: 8.5.19
      rolldown: 1.1.5
      tinyglobby: 0.2.17
    optionalDependencies:
      '@types/node': 24.13.3
      fsevents: 2.3.3

  vitest@4.1.10(@types/node@24.13.3)(vite@8.1.4(@types/node@24.13.3)):
    dependencies:
      '@vitest/expect': 4.1.10
      '@vitest/mocker': 4.1.10(vite@8.1.4(@types/node@24.13.3))
      '@vitest/pretty-format': 4.1.10
      '@vitest/runner': 4.1.10
      '@vitest/snapshot': 4.1.10
      '@vitest/spy': 4.1.10
      '@vitest/utils': 4.1.10
      es-module-lexer: 2.3.1
      expect-type: 1.4.0
      magic-string: 0.30.21
      obug: 2.1.3
      pathe: 2.0.3
      picomatch: 4.0.5
      std-env: 4.2.0
      tinybench: 2.9.0
      tinyexec: 1.2.4
      tinyglobby: 0.2.17
      tinyrainbow: 3.1.0
      vite: 8.1.4(@types/node@24.13.3)
      why-is-node-running: 2.3.0
    optionalDependencies:
      '@types/node': 24.13.3
    transitivePeerDependencies:
      - msw

  why-is-node-running@2.3.0:
    dependencies:
      siginfo: 2.0.0
      stackback: 0.0.2

  yaml-ast-parser@0.0.43: {}

  yargs-parser@21.1.1: {}
